# This file is automatically @generated by Cargo.
# It is not intended for manual editing.
version = 4

[[package]]
name = "daegun"
version = "1.1.6"
source = "registry+https://github.com/rust-lang/crates.io-index"
checksum = "4c825c541b5bf7b863ba91caac0ad610842dfdca98a451bd4d2050f50c0431c9"

[[package]]
name = "fonttest-daegun-harness"
version = "0.1.0"
dependencies = [
 "daegun",
]
